
Microsoft Visual Studio Solution File, Format Version 12.00
# Visual Studio Version 16
VisualStudioVersion = 16.0.32901.82
MinimumVisualStudioVersion = 10.0.40219.1
Project("{FAE04EC0-301F-11D3-BF4B-00C04F79EFBC}") = "yıkıcı_metot", "yıkıcı_metot.csproj", "{C8DA7C69-5519-4340-8867-2DCBC3C90216}"
EndProject
Global
	GlobalSection(SolutionConfigurationPlatforms) = preSolution
		Debug|Any CPU = Debug|Any CPU
		Release|Any CPU = Release|Any CPU
	EndGlobalSection
	GlobalSection(ProjectConfigurationPlatforms) = postSolution
		{C8DA7C69-5519-4340-8867-2DCBC3C90216}.Debug|Any CPU.ActiveCfg = Debug|Any CPU
		{C8DA7C69-5519-4340-8867-2DCBC3C90216}.Debug|Any CPU.Build.0 = Debug|Any CPU
		{C8DA7C69-5519-4340-8867-2DCBC3C90216}.Release|Any CPU.ActiveCfg = Release|Any CPU
		{C8DA7C69-5519-4340-8867-2DCBC3C90216}.Release|Any CPU.Build.0 = Release|Any CPU
	EndGlobalSection
	GlobalSection(SolutionProperties) = preSolution
		HideSolutionNode = FALSE
	EndGlobalSection
	GlobalSection(ExtensibilityGlobals) = postSolution
		SolutionGuid = {55AE03C6-D552-4E20-AD62-87CC9F7409CE}
	EndGlobalSection
EndGlobal
