
Microsoft Visual Studio Solution File, Format Version 12.00
# Visual Studio Version 16
VisualStudioVersion = 16.0.32901.82
MinimumVisualStudioVersion = 10.0.40219.1
Project("{FAE04EC0-301F-11D3-BF4B-00C04F79EFBC}") = "uygulama1", "uygulama1.csproj", "{D7FDC549-F2A1-4B55-9B66-3E0480B0EE94}"
EndProject
Global
	GlobalSection(SolutionConfigurationPlatforms) = preSolution
		Debug|Any CPU = Debug|Any CPU
		Release|Any CPU = Release|Any CPU
	EndGlobalSection
	GlobalSection(ProjectConfigurationPlatforms) = postSolution
		{D7FDC549-F2A1-4B55-9B66-3E0480B0EE94}.Debug|Any CPU.ActiveCfg = Debug|Any CPU
		{D7FDC549-F2A1-4B55-9B66-3E0480B0EE94}.Debug|Any CPU.Build.0 = Debug|Any CPU
		{D7FDC549-F2A1-4B55-9B66-3E0480B0EE94}.Release|Any CPU.ActiveCfg = Release|Any CPU
		{D7FDC549-F2A1-4B55-9B66-3E0480B0EE94}.Release|Any CPU.Build.0 = Release|Any CPU
	EndGlobalSection
	GlobalSection(SolutionProperties) = preSolution
		HideSolutionNode = FALSE
	EndGlobalSection
	GlobalSection(ExtensibilityGlobals) = postSolution
		SolutionGuid = {162B78CA-AE2E-462C-B6B8-31D35B99E3B1}
	EndGlobalSection
EndGlobal
