
Microsoft Visual Studio Solution File, Format Version 12.00
# Visual Studio Version 16
VisualStudioVersion = 16.0.32901.82
MinimumVisualStudioVersion = 10.0.40219.1
Project("{FAE04EC0-301F-11D3-BF4B-00C04F79EFBC}") = "uygulama4", "uygulama4.csproj", "{237CDCF3-E3B2-42C1-8941-01CF8521E096}"
EndProject
Global
	GlobalSection(SolutionConfigurationPlatforms) = preSolution
		Debug|Any CPU = Debug|Any CPU
		Release|Any CPU = Release|Any CPU
	EndGlobalSection
	GlobalSection(ProjectConfigurationPlatforms) = postSolution
		{237CDCF3-E3B2-42C1-8941-01CF8521E096}.Debug|Any CPU.ActiveCfg = Debug|Any CPU
		{237CDCF3-E3B2-42C1-8941-01CF8521E096}.Debug|Any CPU.Build.0 = Debug|Any CPU
		{237CDCF3-E3B2-42C1-8941-01CF8521E096}.Release|Any CPU.ActiveCfg = Release|Any CPU
		{237CDCF3-E3B2-42C1-8941-01CF8521E096}.Release|Any CPU.Build.0 = Release|Any CPU
	EndGlobalSection
	GlobalSection(SolutionProperties) = preSolution
		HideSolutionNode = FALSE
	EndGlobalSection
	GlobalSection(ExtensibilityGlobals) = postSolution
		SolutionGuid = {671D18C4-D57F-4873-A4CD-45398453918A}
	EndGlobalSection
EndGlobal
