
Microsoft Visual Studio Solution File, Format Version 12.00
# Visual Studio Version 16
VisualStudioVersion = 16.0.32901.82
MinimumVisualStudioVersion = 10.0.40219.1
Project("{FAE04EC0-301F-11D3-BF4B-00C04F79EFBC}") = "class_uygulama", "class_uygulama.csproj", "{A438C81B-6EE2-423D-98EC-3C1622341A00}"
EndProject
Global
	GlobalSection(SolutionConfigurationPlatforms) = preSolution
		Debug|Any CPU = Debug|Any CPU
		Release|Any CPU = Release|Any CPU
	EndGlobalSection
	GlobalSection(ProjectConfigurationPlatforms) = postSolution
		{A438C81B-6EE2-423D-98EC-3C1622341A00}.Debug|Any CPU.ActiveCfg = Debug|Any CPU
		{A438C81B-6EE2-423D-98EC-3C1622341A00}.Debug|Any CPU.Build.0 = Debug|Any CPU
		{A438C81B-6EE2-423D-98EC-3C1622341A00}.Release|Any CPU.ActiveCfg = Release|Any CPU
		{A438C81B-6EE2-423D-98EC-3C1622341A00}.Release|Any CPU.Build.0 = Release|Any CPU
	EndGlobalSection
	GlobalSection(SolutionProperties) = preSolution
		HideSolutionNode = FALSE
	EndGlobalSection
	GlobalSection(ExtensibilityGlobals) = postSolution
		SolutionGuid = {C51D7504-F423-44B4-8CCF-38C804773A16}
	EndGlobalSection
EndGlobal
